
Microsoft Visual Studio Solution File, Format Version 12.00
# Visual Studio 15
VisualStudioVersion = 15.0.28307.539
MinimumVisualStudioVersion = 10.0.40219.1
Project("{FAE04EC0-301F-11D3-BF4B-00C04F79EFBC}") = "UI", "UI\UI.csproj", "{5C0CD2DC-40A1-4B3C-9C4E-8F75BCAE752C}"
EndProject
Project("{FAE04EC0-301F-11D3-BF4B-00C04F79EFBC}") = "Logic", "Logic\Logic.csproj", "{CBBEBCDD-E82B-4D66-A9EB-CE746B50180A}"
EndProject
Project("{FAE04EC0-301F-11D3-BF4B-00C04F79EFBC}") = "ContainerShipTest", "ContainerShipTest\ContainerShipTest.csproj", "{D0F56780-ED99-495F-A8FE-4C1FC9D16AB8}"
EndProject
Global
	GlobalSection(SolutionConfigurationPlatforms) = preSolution
		Debug|Any CPU = Debug|Any CPU
		Release|Any CPU = Release|Any CPU
	EndGlobalSection
	GlobalSection(ProjectConfigurationPlatforms) = postSolution
		{5C0CD2DC-40A1-4B3C-9C4E-8F75BCAE752C}.Debug|Any CPU.ActiveCfg = Debug|Any CPU
		{5C0CD2DC-40A1-4B3C-9C4E-8F75BCAE752C}.Debug|Any CPU.Build.0 = Debug|Any CPU
		{5C0CD2DC-40A1-4B3C-9C4E-8F75BCAE752C}.Release|Any CPU.ActiveCfg = Release|Any CPU
		{5C0CD2DC-40A1-4B3C-9C4E-8F75BCAE752C}.Release|Any CPU.Build.0 = Release|Any CPU
		{CBBEBCDD-E82B-4D66-A9EB-CE746B50180A}.Debug|Any CPU.ActiveCfg = Debug|Any CPU
		{CBBEBCDD-E82B-4D66-A9EB-CE746B50180A}.Debug|Any CPU.Build.0 = Debug|Any CPU
		{CBBEBCDD-E82B-4D66-A9EB-CE746B50180A}.Release|Any CPU.ActiveCfg = Release|Any CPU
		{CBBEBCDD-E82B-4D66-A9EB-CE746B50180A}.Release|Any CPU.Build.0 = Release|Any CPU
		{D0F56780-ED99-495F-A8FE-4C1FC9D16AB8}.Debug|Any CPU.ActiveCfg = Debug|Any CPU
		{D0F56780-ED99-495F-A8FE-4C1FC9D16AB8}.Debug|Any CPU.Build.0 = Debug|Any CPU
		{D0F56780-ED99-495F-A8FE-4C1FC9D16AB8}.Release|Any CPU.ActiveCfg = Release|Any CPU
		{D0F56780-ED99-495F-A8FE-4C1FC9D16AB8}.Release|Any CPU.Build.0 = Release|Any CPU
	EndGlobalSection
	GlobalSection(SolutionProperties) = preSolution
		HideSolutionNode = FALSE
	EndGlobalSection
	GlobalSection(ExtensibilityGlobals) = postSolution
		SolutionGuid = {038ECEAF-566D-45D9-BDD6-DA99FE247654}
	EndGlobalSection
EndGlobal
